// !$*UTF8*$!
{
	archiveVersion = 1;
	classes = {
	};
	objectVersion = 56;
	objects = {

/* Begin PBXBuildFile section */
		2A08996F298519D10025C993 /* AppDelegate.swift in Sources */ = {isa = PBXBuildFile; fileRef = 2A08996E298519D10025C993 /* AppDelegate.swift */; };
		2A089971298519D10025C993 /* SceneDelegate.swift in Sources */ = {isa = PBXBuildFile; fileRef = 2A089970298519D10025C993 /* SceneDelegate.swift */; };
		2A089973298519D10025C993 /* ViewController.swift in Sources */ = {isa = PBXBuildFile; fileRef = 2A089972298519D10025C993 /* ViewController.swift */; };
		2A089976298519D10025C993 /* Main.storyboard in Resources */ = {isa = PBXBuildFile; fileRef = 2A089974298519D10025C993 /* Main.storyboard */; };
		2A089978298519D30025C993 /* Assets.xcassets in Resources */ = {isa = PBXBuildFile; fileRef = 2A089977298519D30025C993 /* Assets.xcassets */; };
		2A08997B298519D30025C993 /* LaunchScreen.storyboard in Resources */ = {isa = PBXBuildFile; fileRef = 2A089979298519D30025C993 /* LaunchScreen.storyboard */; };
		2A08998429851A770025C993 /* DateFormatter.swift in Sources */ = {isa = PBXBuildFile; fileRef = 2A08998329851A770025C993 /* DateFormatter.swift */; };
		2A08998829852C7A0025C993 /* Assembly+Formatters.swift in Sources */ = {isa = PBXBuildFile; fileRef = 2A08998729852C7A0025C993 /* Assembly+Formatters.swift */; };
		2A08998A29852F040025C993 /* Assembly.swift in Sources */ = {isa = PBXBuildFile; fileRef = 2A08998929852F040025C993 /* Assembly.swift */; };
		2A37FE29298ABCFD00660358 /* Profile.swift in Sources */ = {isa = PBXBuildFile; fileRef = 2A37FE28298ABCFD00660358 /* Profile.swift */; };
		2A37FE2C298AC2E500660358 /* DataStorage.swift in Sources */ = {isa = PBXBuildFile; fileRef = 2A37FE2B298AC2E500660358 /* DataStorage.swift */; };
		2A37FE2E298AC36800660358 /* UserDefaultStorage.swift in Sources */ = {isa = PBXBuildFile; fileRef = 2A37FE2D298AC36800660358 /* UserDefaultStorage.swift */; };
		2A37FE30298AC5F300660358 /* Assembly+DataStorage.swift in Sources */ = {isa = PBXBuildFile; fileRef = 2A37FE2F298AC5F300660358 /* Assembly+DataStorage.swift */; };
		2A37FE33298C557A00660358 /* Assembly+Profile.swift in Sources */ = {isa = PBXBuildFile; fileRef = 2A37FE32298C557A00660358 /* Assembly+Profile.swift */; };
/* End PBXBuildFile section */

/* Begin PBXFileReference section */
		2A08996B298519D10025C993 /* Test.app */ = {isa = PBXFileReference; explicitFileType = wrapper.application; includeInIndex = 0; path = Test.app; sourceTree = BUILT_PRODUCTS_DIR; };
		2A08996E298519D10025C993 /* AppDelegate.swift */ = {isa = PBXFileReference; lastKnownFileType = sourcecode.swift; path = AppDelegate.swift; sourceTree = "<group>"; };
		2A089970298519D10025C993 /* SceneDelegate.swift */ = {isa = PBXFileReference; lastKnownFileType = sourcecode.swift; path = SceneDelegate.swift; sourceTree = "<group>"; };
		2A089972298519D10025C993 /* ViewController.swift */ = {isa = PBXFileReference; lastKnownFileType = sourcecode.swift; path = ViewController.swift; sourceTree = "<group>"; };
		2A089975298519D10025C993 /* Base */ = {isa = PBXFileReference; lastKnownFileType = file.storyboard; name = Base; path = Base.lproj/Main.storyboard; sourceTree = "<group>"; };
		2A089977298519D30025C993 /* Assets.xcassets */ = {isa = PBXFileReference; lastKnownFileType = folder.assetcatalog; path = Assets.xcassets; sourceTree = "<group>"; };
		2A08997A298519D30025C993 /* Base */ = {isa = PBXFileReference; lastKnownFileType = file.storyboard; name = Base; path = Base.lproj/LaunchScreen.storyboard; sourceTree = "<group>"; };
		2A08997C298519D30025C993 /* Info.plist */ = {isa = PBXFileReference; lastKnownFileType = text.plist.xml; path = Info.plist; sourceTree = "<group>"; };
		2A08998329851A770025C993 /* DateFormatter.swift */ = {isa = PBXFileReference; lastKnownFileType = sourcecode.swift; path = DateFormatter.swift; sourceTree = "<group>"; };
		2A08998729852C7A0025C993 /* Assembly+Formatters.swift */ = {isa = PBXFileReference; lastKnownFileType = sourcecode.swift; path = "Assembly+Formatters.swift"; sourceTree = "<group>"; };
		2A08998929852F040025C993 /* Assembly.swift */ = {isa = PBXFileReference; lastKnownFileType = sourcecode.swift; path = Assembly.swift; sourceTree = "<group>"; };
		2A37FE28298ABCFD00660358 /* Profile.swift */ = {isa = PBXFileReference; lastKnownFileType = sourcecode.swift; path = Profile.swift; sourceTree = "<group>"; };
		2A37FE2B298AC2E500660358 /* DataStorage.swift */ = {isa = PBXFileReference; lastKnownFileType = sourcecode.swift; path = DataStorage.swift; sourceTree = "<group>"; };
		2A37FE2D298AC36800660358 /* UserDefaultStorage.swift */ = {isa = PBXFileReference; lastKnownFileType = sourcecode.swift; path = UserDefaultStorage.swift; sourceTree = "<group>"; };
		2A37FE2F298AC5F300660358 /* Assembly+DataStorage.swift */ = {isa = PBXFileReference; lastKnownFileType = sourcecode.swift; path = "Assembly+DataStorage.swift"; sourceTree = "<group>"; };
		2A37FE32298C557A00660358 /* Assembly+Profile.swift */ = {isa = PBXFileReference; lastKnownFileType = sourcecode.swift; path = "Assembly+Profile.swift"; sourceTree = "<group>"; };
/* End PBXFileReference section */

/* Begin PBXFrameworksBuildPhase section */
		2A089968298519D10025C993 /* Frameworks */ = {
			isa = PBXFrameworksBuildPhase;
			buildActionMask = 2147483647;
			files = (
			);
			runOnlyForDeploymentPostprocessing = 0;
		};
/* End PBXFrameworksBuildPhase section */

/* Begin PBXGroup section */
		2A089962298519D10025C993 = {
			isa = PBXGroup;
			children = (
				2A08996D298519D10025C993 /* Test */,
				2A08996C298519D10025C993 /* Products */,
			);
			sourceTree = "<group>";
		};
		2A08996C298519D10025C993 /* Products */ = {
			isa = PBXGroup;
			children = (
				2A08996B298519D10025C993 /* Test.app */,
			);
			name = Products;
			sourceTree = "<group>";
		};
		2A08996D298519D10025C993 /* Test */ = {
			isa = PBXGroup;
			children = (
				2A37FE2A298AC2CE00660358 /* DataStorage */,
				2A37FE27298ABCD400660358 /* Entity */,
				2A08998629852C2D0025C993 /* Assembly */,
				2A08998229851A570025C993 /* Utils */,
				2A08996E298519D10025C993 /* AppDelegate.swift */,
				2A089970298519D10025C993 /* SceneDelegate.swift */,
				2A089972298519D10025C993 /* ViewController.swift */,
				2A089974298519D10025C993 /* Main.storyboard */,
				2A089977298519D30025C993 /* Assets.xcassets */,
				2A089979298519D30025C993 /* LaunchScreen.storyboard */,
				2A08997C298519D30025C993 /* Info.plist */,
			);
			path = Test;
			sourceTree = "<group>";
		};
		2A08998229851A570025C993 /* Utils */ = {
			isa = PBXGroup;
			children = (
				2A08998329851A770025C993 /* DateFormatter.swift */,
			);
			path = Utils;
			sourceTree = "<group>";
		};
		2A08998629852C2D0025C993 /* Assembly */ = {
			isa = PBXGroup;
			children = (
				2A08998729852C7A0025C993 /* Assembly+Formatters.swift */,
				2A08998929852F040025C993 /* Assembly.swift */,
				2A37FE2F298AC5F300660358 /* Assembly+DataStorage.swift */,
				2A37FE32298C557A00660358 /* Assembly+Profile.swift */,
			);
			path = Assembly;
			sourceTree = "<group>";
		};
		2A37FE27298ABCD400660358 /* Entity */ = {
			isa = PBXGroup;
			children = (
				2A37FE28298ABCFD00660358 /* Profile.swift */,
			);
			path = Entity;
			sourceTree = "<group>";
		};
		2A37FE2A298AC2CE00660358 /* DataStorage */ = {
			isa = PBXGroup;
			children = (
				2A37FE2B298AC2E500660358 /* DataStorage.swift */,
				2A37FE2D298AC36800660358 /* UserDefaultStorage.swift */,
			);
			path = DataStorage;
			sourceTree = "<group>";
		};
/* End PBXGroup section */

/* Begin PBXNativeTarget section */
		2A08996A298519D10025C993 /* Test */ = {
			isa = PBXNativeTarget;
			buildConfigurationList = 2A08997F298519D30025C993 /* Build configuration list for PBXNativeTarget "Test" */;
			buildPhases = (
				2A089967298519D10025C993 /* Sources */,
				2A089968298519D10025C993 /* Frameworks */,
				2A089969298519D10025C993 /* Resources */,
			);
			buildRules = (
			);
			dependencies = (
			);
			name = Test;
			productName = Test;
			productReference = 2A08996B298519D10025C993 /* Test.app */;
			productType = "com.apple.product-type.application";
		};
/* End PBXNativeTarget section */

/* Begin PBXProject section */
		2A089963298519D10025C993 /* Project object */ = {
			isa = PBXProject;
			attributes = {
				BuildIndependentTargetsInParallel = 1;
				LastSwiftUpdateCheck = 1420;
				LastUpgradeCheck = 1420;
				TargetAttributes = {
					2A08996A298519D10025C993 = {
						CreatedOnToolsVersion = 14.2;
					};
				};
			};
			buildConfigurationList = 2A089966298519D10025C993 /* Build configuration list for PBXProject "Test" */;
			compatibilityVersion = "Xcode 14.0";
			developmentRegion = en;
			hasScannedForEncodings = 0;
			knownRegions = (
				en,
				Base,
			);
			mainGroup = 2A089962298519D10025C993;
			productRefGroup = 2A08996C298519D10025C993 /* Products */;
			projectDirPath = "";
			projectRoot = "";
			targets = (
				2A08996A298519D10025C993 /* Test */,
			);
		};
/* End PBXProject section */

/* Begin PBXResourcesBuildPhase section */
		2A089969298519D10025C993 /* Resources */ = {
			isa = PBXResourcesBuildPhase;
			buildActionMask = 2147483647;
			files = (
				2A08997B298519D30025C993 /* LaunchScreen.storyboard in Resources */,
				2A089978298519D30025C993 /* Assets.xcassets in Resources */,
				2A089976298519D10025C993 /* Main.storyboard in Resources */,
			);
			runOnlyForDeploymentPostprocessing = 0;
		};
/* End PBXResourcesBuildPhase section */

/* Begin PBXSourcesBuildPhase section */
		2A089967298519D10025C993 /* Sources */ = {
			isa = PBXSourcesBuildPhase;
			buildActionMask = 2147483647;
			files = (
				2A08998829852C7A0025C993 /* Assembly+Formatters.swift in Sources */,
				2A08998A29852F040025C993 /* Assembly.swift in Sources */,
				2A08998429851A770025C993 /* DateFormatter.swift in Sources */,
				2A37FE2C298AC2E500660358 /* DataStorage.swift in Sources */,
				2A37FE29298ABCFD00660358 /* Profile.swift in Sources */,
				2A37FE30298AC5F300660358 /* Assembly+DataStorage.swift in Sources */,
				2A089973298519D10025C993 /* ViewController.swift in Sources */,
				2A37FE2E298AC36800660358 /* UserDefaultStorage.swift in Sources */,
				2A08996F298519D10025C993 /* AppDelegate.swift in Sources */,
				2A37FE33298C557A00660358 /* Assembly+Profile.swift in Sources */,
				2A089971298519D10025C993 /* SceneDelegate.swift in Sources */,
			);
			runOnlyForDeploymentPostprocessing = 0;
		};
/* End PBXSourcesBuildPhase section */

/* Begin PBXVariantGroup section */
		2A089974298519D10025C993 /* Main.storyboard */ = {
			isa = PBXVariantGroup;
			children = (
				2A089975298519D10025C993 /* Base */,
			);
			name = Main.storyboard;
			sourceTree = "<group>";
		};
		2A089979298519D30025C993 /* LaunchScreen.storyboard */ = {
			isa = PBXVariantGroup;
			children = (
				2A08997A298519D30025C993 /* Base */,
			);
			name = LaunchScreen.storyboard;
			sourceTree = "<group>";
		};
/* End PBXVariantGroup section */

/* Begin XCBuildConfiguration section */
		2A08997D298519D30025C993 /* Debug */ = {
			isa = XCBuildConfiguration;
			buildSettings = {
				ALWAYS_SEARCH_USER_PATHS = NO;
				CLANG_ANALYZER_NONNULL = YES;
				CLANG_ANALYZER_NUMBER_OBJECT_CONVERSION = YES_AGGRESSIVE;
				CLANG_CXX_LANGUAGE_STANDARD = "gnu++20";
				CLANG_ENABLE_MODULES = YES;
				CLANG_ENABLE_OBJC_ARC = YES;
				CLANG_ENABLE_OBJC_WEAK = YES;
				CLANG_WARN_BLOCK_CAPTURE_AUTORELEASING = YES;
				CLANG_WARN_BOOL_CONVERSION = YES;
				CLANG_WARN_COMMA = YES;
				CLANG_WARN_CONSTANT_CONVERSION = YES;
				CLANG_WARN_DEPRECATED_OBJC_IMPLEMENTATIONS = YES;
				CLANG_WARN_DIRECT_OBJC_ISA_USAGE = YES_ERROR;
				CLANG_WARN_DOCUMENTATION_COMMENTS = YES;
				CLANG_WARN_EMPTY_BODY = YES;
				CLANG_WARN_ENUM_CONVERSION = YES;
				CLANG_WARN_INFINITE_RECURSION = YES;
				CLANG_WARN_INT_CONVERSION = YES;
				CLANG_WARN_NON_LITERAL_NULL_CONVERSION = YES;
				CLANG_WARN_OBJC_IMPLICIT_RETAIN_SELF = YES;
				CLANG_WARN_OBJC_LITERAL_CONVERSION = YES;
				CLANG_WARN_OBJC_ROOT_CLASS = YES_ERROR;
				CLANG_WARN_QUOTED_INCLUDE_IN_FRAMEWORK_HEADER = YES;
				CLANG_WARN_RANGE_LOOP_ANALYSIS = YES;
				CLANG_WARN_STRICT_PROTOTYPES = YES;
				CLANG_WARN_SUSPICIOUS_MOVE = YES;
				CLANG_WARN_UNGUARDED_AVAILABILITY = YES_AGGRESSIVE;
				CLANG_WARN_UNREACHABLE_CODE = YES;
				CLANG_WARN__DUPLICATE_METHOD_MATCH = YES;
				COPY_PHASE_STRIP = NO;
				DEBUG_INFORMATION_FORMAT = dwarf;
				ENABLE_STRICT_OBJC_MSGSEND = YES;
				ENABLE_TESTABILITY = YES;
				GCC_C_LANGUAGE_STANDARD = gnu11;
				GCC_DYNAMIC_NO_PIC = NO;
				GCC_NO_COMMON_BLOCKS = YES;
				GCC_OPTIMIZATION_LEVEL = 0;
				GCC_PREPROCESSOR_DEFINITIONS = (
					"DEBUG=1",
					"$(inherited)",
				);
				GCC_WARN_64_TO_32_BIT_CONVERSION = YES;
				GCC_WARN_ABOUT_RETURN_TYPE = YES_ERROR;
				GCC_WARN_UNDECLARED_SELECTOR = YES;
				GCC_WARN_UNINITIALIZED_AUTOS = YES_AGGRESSIVE;
				GCC_WARN_UNUSED_FUNCTION = YES;
				GCC_WARN_UNUSED_VARIABLE = YES;
				IPHONEOS_DEPLOYMENT_TARGET = 16.2;
				MTL_ENABLE_DEBUG_INFO = INCLUDE_SOURCE;
				MTL_FAST_MATH = YES;
				ONLY_ACTIVE_ARCH = YES;
				SDKROOT = iphoneos;
				SWIFT_ACTIVE_COMPILATION_CONDITIONS = DEBUG;
				SWIFT_OPTIMIZATION_LEVEL = "-Onone";
			};
			name = Debug;
		};
		2A08997E298519D30025C993 /* Release */ = {
			isa = XCBuildConfiguration;
			buildSettings = {
				ALWAYS_SEARCH_USER_PATHS = NO;
				CLANG_ANALYZER_NONNULL = YES;
				CLANG_ANALYZER_NUMBER_OBJECT_CONVERSION = YES_AGGRESSIVE;
				CLANG_CXX_LANGUAGE_STANDARD = "gnu++20";
				CLANG_ENABLE_MODULES = YES;
				CLANG_ENABLE_OBJC_ARC = YES;
				CLANG_ENABLE_OBJC_WEAK = YES;
				CLANG_WARN_BLOCK_CAPTURE_AUTORELEASING = YES;
				CLANG_WARN_BOOL_CONVERSION = YES;
				CLANG_WARN_COMMA = YES;
				CLANG_WARN_CONSTANT_CONVERSION = YES;
				CLANG_WARN_DEPRECATED_OBJC_IMPLEMENTATIONS = YES;
				CLANG_WARN_DIRECT_OBJC_ISA_USAGE = YES_ERROR;
				CLANG_WARN_DOCUMENTATION_COMMENTS = YES;
				CLANG_WARN_EMPTY_BODY = YES;
				CLANG_WARN_ENUM_CONVERSION = YES;
				CLANG_WARN_INFINITE_RECURSION = YES;
				CLANG_WARN_INT_CONVERSION = YES;
				CLANG_WARN_NON_LITERAL_NULL_CONVERSION = YES;
				CLANG_WARN_OBJC_IMPLICIT_RETAIN_SELF = YES;
				CLANG_WARN_OBJC_LITERAL_CONVERSION = YES;
				CLANG_WARN_OBJC_ROOT_CLASS = YES_ERROR;
				CLANG_WARN_QUOTED_INCLUDE_IN_FRAMEWORK_HEADER = YES;
				CLANG_WARN_RANGE_LOOP_ANALYSIS = YES;
				CLANG_WARN_STRICT_PROTOTYPES = YES;
				CLANG_WARN_SUSPICIOUS_MOVE = YES;
				CLANG_WARN_UNGUARDED_AVAILABILITY = YES_AGGRESSIVE;
				CLANG_WARN_UNREACHABLE_CODE = YES;
				CLANG_WARN__DUPLICATE_METHOD_MATCH = YES;
				COPY_PHASE_STRIP = NO;
				DEBUG_INFORMATION_FORMAT = "dwarf-with-dsym";
				ENABLE_NS_ASSERTIONS = NO;
				ENABLE_STRICT_OBJC_MSGSEND = YES;
				GCC_C_LANGUAGE_STANDARD = gnu11;
				GCC_NO_COMMON_BLOCKS = YES;
				GCC_WARN_64_TO_32_BIT_CONVERSION = YES;
				GCC_WARN_ABOUT_RETURN_TYPE = YES_ERROR;
				GCC_WARN_UNDECLARED_SELECTOR = YES;
				GCC_WARN_UNINITIALIZED_AUTOS = YES_AGGRESSIVE;
				GCC_WARN_UNUSED_FUNCTION = YES;
				GCC_WARN_UNUSED_VARIABLE = YES;
				IPHONEOS_DEPLOYMENT_TARGET = 16.2;
				MTL_ENABLE_DEBUG_INFO = NO;
				MTL_FAST_MATH = YES;
				SDKROOT = iphoneos;
				SWIFT_COMPILATION_MODE = wholemodule;
				SWIFT_OPTIMIZATION_LEVEL = "-O";
				VALIDATE_PRODUCT = YES;
			};
			name = Release;
		};
		2A089980298519D30025C993 /* Debug */ = {
			isa = XCBuildConfiguration;
			buildSettings = {
				ASSETCATALOG_COMPILER_APPICON_NAME = AppIcon;
				ASSETCATALOG_COMPILER_GLOBAL_ACCENT_COLOR_NAME = AccentColor;
				CODE_SIGN_STYLE = Automatic;
				CURRENT_PROJECT_VERSION = 1;
				GENERATE_INFOPLIST_FILE = YES;
				INFOPLIST_FILE = Test/Info.plist;
				INFOPLIST_KEY_UIApplicationSupportsIndirectInputEvents = YES;
				INFOPLIST_KEY_UILaunchStoryboardName = LaunchScreen;
				INFOPLIST_KEY_UIMainStoryboardFile = Main;
				INFOPLIST_KEY_UISupportedInterfaceOrientations_iPad = "UIInterfaceOrientationPortrait UIInterfaceOrientationPortraitUpsideDown UIInterfaceOrientationLandscapeLeft UIInterfaceOrientationLandscapeRight";
				INFOPLIST_KEY_UISupportedInterfaceOrientations_iPhone = "UIInterfaceOrientationPortrait UIInterfaceOrientationLandscapeLeft UIInterfaceOrientationLandscapeRight";
				LD_RUNPATH_SEARCH_PATHS = (
					"$(inherited)",
					"@executable_path/Frameworks",
				);
				MARKETING_VERSION = 1.0;
				PRODUCT_BUNDLE_IDENTIFIER = j.Test;
				PRODUCT_NAME = "$(TARGET_NAME)";
				SWIFT_EMIT_LOC_STRINGS = YES;
				SWIFT_VERSION = 5.0;
				TARGETED_DEVICE_FAMILY = "1,2";
			};
			name = Debug;
		};
		2A089981298519D30025C993 /* Release */ = {
			isa = XCBuildConfiguration;
			buildSettings = {
				ASSETCATALOG_COMPILER_APPICON_NAME = AppIcon;
				ASSETCATALOG_COMPILER_GLOBAL_ACCENT_COLOR_NAME = AccentColor;
				CODE_SIGN_STYLE = Automatic;
				CURRENT_PROJECT_VERSION = 1;
				GENERATE_INFOPLIST_FILE = YES;
				INFOPLIST_FILE = Test/Info.plist;
				INFOPLIST_KEY_UIApplicationSupportsIndirectInputEvents = YES;
				INFOPLIST_KEY_UILaunchStoryboardName = LaunchScreen;
				INFOPLIST_KEY_UIMainStoryboardFile = Main;
				INFOPLIST_KEY_UISupportedInterfaceOrientations_iPad = "UIInterfaceOrientationPortrait UIInterfaceOrientationPortraitUpsideDown UIInterfaceOrientationLandscapeLeft UIInterfaceOrientationLandscapeRight";
				INFOPLIST_KEY_UISupportedInterfaceOrientations_iPhone = "UIInterfaceOrientationPortrait UIInterfaceOrientationLandscapeLeft UIInterfaceOrientationLandscapeRight";
				LD_RUNPATH_SEARCH_PATHS = (
					"$(inherited)",
					"@executable_path/Frameworks",
				);
				MARKETING_VERSION = 1.0;
				PRODUCT_BUNDLE_IDENTIFIER = j.Test;
				PRODUCT_NAME = "$(TARGET_NAME)";
				SWIFT_EMIT_LOC_STRINGS = YES;
				SWIFT_VERSION = 5.0;
				TARGETED_DEVICE_FAMILY = "1,2";
			};
			name = Release;
		};
/* End XCBuildConfiguration section */

/* Begin XCConfigurationList section */
		2A089966298519D10025C993 /* Build configuration list for PBXProject "Test" */ = {
			isa = XCConfigurationList;
			buildConfigurations = (
				2A08997D298519D30025C993 /* Debug */,
				2A08997E298519D30025C993 /* Release */,
			);
			defaultConfigurationIsVisible = 0;
			defaultConfigurationName = Release;
		};
		2A08997F298519D30025C993 /* Build configuration list for PBXNativeTarget "Test" */ = {
			isa = XCConfigurationList;
			buildConfigurations = (
				2A089980298519D30025C993 /* Debug */,
				2A089981298519D30025C993 /* Release */,
			);
			defaultConfigurationIsVisible = 0;
			defaultConfigurationName = Release;
		};
/* End XCConfigurationList section */
	};
	rootObject = 2A089963298519D10025C993 /* Project object */;
}
